
Microsoft Visual Studio Solution File, Format Version 12.00
# Visual Studio Version 16
VisualStudioVersion = 16.0.31005.135
MinimumVisualStudioVersion = 10.0.40219.1
Project("{FAE04EC0-301F-11D3-BF4B-00C04F79EFBC}") = "ConsoleAppLauncher.Tests", "ConsoleAppLauncher.Tests\ConsoleAppLauncher.Tests.csproj", "{2C4C68E7-CAFF-45FF-81E0-998724E63E78}"
EndProject
Project("{2150E333-8FDC-42A3-9474-1A3956D46DE8}") = "Solution Items", "Solution Items", "{1DFE3034-7ABE-4AD1-ACFA-AEC9484A84F0}"
	ProjectSection(SolutionItems) = preProject
		.gitattributes = .gitattributes
		.gitignore = .gitignore
		build.bat = build.bat
		build_release.bat = build_release.bat
		ConsoleAppLauncher\ConsoleAppLauncher.nuspec = ConsoleAppLauncher\ConsoleAppLauncher.nuspec
		license.txt = license.txt
		nuget_create.bat = nuget_create.bat
		nuget_publish.bat = nuget_publish.bat
		readme.md = readme.md
	EndProjectSection
EndProject
Project("{FAE04EC0-301F-11D3-BF4B-00C04F79EFBC}") = "DummyConsoleApplication", "DummyConsoleApplication\DummyConsoleApplication.csproj", "{D4694E4B-E8C9-42BA-9566-70CA8BE11F58}"
EndProject
Project("{2150E333-8FDC-42A3-9474-1A3956D46DE8}") = ".nuget", ".nuget", "{93B03F2E-1973-4341-9A85-EDDA196F9F24}"
	ProjectSection(SolutionItems) = preProject
		.nuget\NuGet.Config = .nuget\NuGet.Config
		.nuget\NuGet.exe = .nuget\NuGet.exe
		.nuget\NuGet.targets = .nuget\NuGet.targets
		.nuget\packages.config = .nuget\packages.config
	EndProjectSection
EndProject
Project("{FAE04EC0-301F-11D3-BF4B-00C04F79EFBC}") = "ConsoleAppLauncher.Samples", "ConsoleAppLauncher.Samples\ConsoleAppLauncher.Samples.csproj", "{E752D3D4-9A35-404F-9A03-308115D93A11}"
EndProject
Project("{9A19103F-16F7-4668-BE54-9A1E7A4F7556}") = "ConsoleAppLauncher", "ConsoleAppLauncher\ConsoleAppLauncher.csproj", "{5E94F4C6-DB44-423A-A4CC-2C6D9F3684A1}"
EndProject
Global
	GlobalSection(SolutionConfigurationPlatforms) = preSolution
		Debug|Any CPU = Debug|Any CPU
		Debug|Mixed Platforms = Debug|Mixed Platforms
		Debug|x86 = Debug|x86
		Release|Any CPU = Release|Any CPU
		Release|Mixed Platforms = Release|Mixed Platforms
		Release|x86 = Release|x86
	EndGlobalSection
	GlobalSection(ProjectConfigurationPlatforms) = postSolution
		{2C4C68E7-CAFF-45FF-81E0-998724E63E78}.Debug|Any CPU.ActiveCfg = Debug|Any CPU
		{2C4C68E7-CAFF-45FF-81E0-998724E63E78}.Debug|Any CPU.Build.0 = Debug|Any CPU
		{2C4C68E7-CAFF-45FF-81E0-998724E63E78}.Debug|Mixed Platforms.ActiveCfg = Debug|Any CPU
		{2C4C68E7-CAFF-45FF-81E0-998724E63E78}.Debug|Mixed Platforms.Build.0 = Debug|Any CPU
		{2C4C68E7-CAFF-45FF-81E0-998724E63E78}.Debug|x86.ActiveCfg = Debug|Any CPU
		{2C4C68E7-CAFF-45FF-81E0-998724E63E78}.Release|Any CPU.ActiveCfg = Release|Any CPU
		{2C4C68E7-CAFF-45FF-81E0-998724E63E78}.Release|Any CPU.Build.0 = Release|Any CPU
		{2C4C68E7-CAFF-45FF-81E0-998724E63E78}.Release|Mixed Platforms.ActiveCfg = Release|Any CPU
		{2C4C68E7-CAFF-45FF-81E0-998724E63E78}.Release|Mixed Platforms.Build.0 = Release|Any CPU
		{2C4C68E7-CAFF-45FF-81E0-998724E63E78}.Release|x86.ActiveCfg = Release|Any CPU
		{D4694E4B-E8C9-42BA-9566-70CA8BE11F58}.Debug|Any CPU.ActiveCfg = Debug|x86
		{D4694E4B-E8C9-42BA-9566-70CA8BE11F58}.Debug|Mixed Platforms.ActiveCfg = Debug|x86
		{D4694E4B-E8C9-42BA-9566-70CA8BE11F58}.Debug|Mixed Platforms.Build.0 = Debug|x86
		{D4694E4B-E8C9-42BA-9566-70CA8BE11F58}.Debug|x86.ActiveCfg = Debug|x86
		{D4694E4B-E8C9-42BA-9566-70CA8BE11F58}.Debug|x86.Build.0 = Debug|x86
		{D4694E4B-E8C9-42BA-9566-70CA8BE11F58}.Release|Any CPU.ActiveCfg = Release|x86
		{D4694E4B-E8C9-42BA-9566-70CA8BE11F58}.Release|Mixed Platforms.ActiveCfg = Release|x86
		{D4694E4B-E8C9-42BA-9566-70CA8BE11F58}.Release|Mixed Platforms.Build.0 = Release|x86
		{D4694E4B-E8C9-42BA-9566-70CA8BE11F58}.Release|x86.ActiveCfg = Release|x86
		{D4694E4B-E8C9-42BA-9566-70CA8BE11F58}.Release|x86.Build.0 = Release|x86
		{E752D3D4-9A35-404F-9A03-308115D93A11}.Debug|Any CPU.ActiveCfg = Debug|x86
		{E752D3D4-9A35-404F-9A03-308115D93A11}.Debug|Mixed Platforms.ActiveCfg = Debug|x86
		{E752D3D4-9A35-404F-9A03-308115D93A11}.Debug|Mixed Platforms.Build.0 = Debug|x86
		{E752D3D4-9A35-404F-9A03-308115D93A11}.Debug|x86.ActiveCfg = Debug|x86
		{E752D3D4-9A35-404F-9A03-308115D93A11}.Debug|x86.Build.0 = Debug|x86
		{E752D3D4-9A35-404F-9A03-308115D93A11}.Release|Any CPU.ActiveCfg = Release|x86
		{E752D3D4-9A35-404F-9A03-308115D93A11}.Release|Mixed Platforms.ActiveCfg = Release|x86
		{E752D3D4-9A35-404F-9A03-308115D93A11}.Release|Mixed Platforms.Build.0 = Release|x86
		{E752D3D4-9A35-404F-9A03-308115D93A11}.Release|x86.ActiveCfg = Release|x86
		{E752D3D4-9A35-404F-9A03-308115D93A11}.Release|x86.Build.0 = Release|x86
		{5E94F4C6-DB44-423A-A4CC-2C6D9F3684A1}.Debug|Any CPU.ActiveCfg = Debug|Any CPU
		{5E94F4C6-DB44-423A-A4CC-2C6D9F3684A1}.Debug|Any CPU.Build.0 = Debug|Any CPU
		{5E94F4C6-DB44-423A-A4CC-2C6D9F3684A1}.Debug|Mixed Platforms.ActiveCfg = Debug|Any CPU
		{5E94F4C6-DB44-423A-A4CC-2C6D9F3684A1}.Debug|Mixed Platforms.Build.0 = Debug|Any CPU
		{5E94F4C6-DB44-423A-A4CC-2C6D9F3684A1}.Debug|x86.ActiveCfg = Debug|Any CPU
		{5E94F4C6-DB44-423A-A4CC-2C6D9F3684A1}.Debug|x86.Build.0 = Debug|Any CPU
		{5E94F4C6-DB44-423A-A4CC-2C6D9F3684A1}.Release|Any CPU.ActiveCfg = Release|Any CPU
		{5E94F4C6-DB44-423A-A4CC-2C6D9F3684A1}.Release|Any CPU.Build.0 = Release|Any CPU
		{5E94F4C6-DB44-423A-A4CC-2C6D9F3684A1}.Release|Mixed Platforms.ActiveCfg = Release|Any CPU
		{5E94F4C6-DB44-423A-A4CC-2C6D9F3684A1}.Release|Mixed Platforms.Build.0 = Release|Any CPU
		{5E94F4C6-DB44-423A-A4CC-2C6D9F3684A1}.Release|x86.ActiveCfg = Release|Any CPU
		{5E94F4C6-DB44-423A-A4CC-2C6D9F3684A1}.Release|x86.Build.0 = Release|Any CPU
	EndGlobalSection
	GlobalSection(SolutionProperties) = preSolution
		HideSolutionNode = FALSE
	EndGlobalSection
	GlobalSection(ExtensibilityGlobals) = postSolution
		SolutionGuid = {1F618BE7-9E06-4B2F-AAEF-619779F0C8EF}
	EndGlobalSection
	GlobalSection(TestCaseManagementSettings) = postSolution
		CategoryFile = ConsoleAppLauncher.vsmdi
	EndGlobalSection
EndGlobal
